
Microsoft Visual Studio Solution File, Format Version 12.00
# Visual Studio Version 17
VisualStudioVersion = 17.0.31903.59
MinimumVisualStudioVersion = 10.0.40219.1
Project("{FAE04EC0-301F-11D3-BF4B-00C04F79EFBC}") = "AltT.App", "AltT.App\AltT.App.csproj", "{2E15A634-1F84-4EC6-A7A0-2899B302F830}"
EndProject
Project("{FAE04EC0-301F-11D3-BF4B-00C04F79EFBC}") = "AltT.Core", "AltT.Core\AltT.Core.csproj", "{37B2A181-786E-4096-B030-0A063933A907}"
EndProject
Project("{FAE04EC0-301F-11D3-BF4B-00C04F79EFBC}") = "AltT.Data", "AltT.Data\AltT.Data.csproj", "{51586A7C-54A3-4215-AEC3-63F97290ECA2}"
EndProject
Project("{FAE04EC0-301F-11D3-BF4B-00C04F79EFBC}") = "AltT.Platform", "AltT.Platform\AltT.Platform.csproj", "{D87D2991-D4FE-4296-8A0B-92E2166DD472}"
EndProject
Project("{FAE04EC0-301F-11D3-BF4B-00C04F79EFBC}") = "AltT.Tests", "AltT.Tests\AltT.Tests.csproj", "{B0F4C071-D38E-4E93-8122-5E5438E72E98}"
EndProject
Global
	GlobalSection(SolutionConfigurationPlatforms) = preSolution
		Debug|Any CPU = Debug|Any CPU
		Debug|x64 = Debug|x64
		Debug|x86 = Debug|x86
		Release|Any CPU = Release|Any CPU
		Release|x64 = Release|x64
		Release|x86 = Release|x86
	EndGlobalSection
	GlobalSection(ProjectConfigurationPlatforms) = postSolution
		{2E15A634-1F84-4EC6-A7A0-2899B302F830}.Debug|Any CPU.ActiveCfg = Debug|Any CPU
		{2E15A634-1F84-4EC6-A7A0-2899B302F830}.Debug|Any CPU.Build.0 = Debug|Any CPU
		{2E15A634-1F84-4EC6-A7A0-2899B302F830}.Debug|x64.ActiveCfg = Debug|Any CPU
		{2E15A634-1F84-4EC6-A7A0-2899B302F830}.Debug|x64.Build.0 = Debug|Any CPU
		{2E15A634-1F84-4EC6-A7A0-2899B302F830}.Debug|x86.ActiveCfg = Debug|Any CPU
		{2E15A634-1F84-4EC6-A7A0-2899B302F830}.Debug|x86.Build.0 = Debug|Any CPU
		{2E15A634-1F84-4EC6-A7A0-2899B302F830}.Release|Any CPU.ActiveCfg = Release|Any CPU
		{2E15A634-1F84-4EC6-A7A0-2899B302F830}.Release|Any CPU.Build.0 = Release|Any CPU
		{2E15A634-1F84-4EC6-A7A0-2899B302F830}.Release|x64.ActiveCfg = Release|Any CPU
		{2E15A634-1F84-4EC6-A7A0-2899B302F830}.Release|x64.Build.0 = Release|Any CPU
		{2E15A634-1F84-4EC6-A7A0-2899B302F830}.Release|x86.ActiveCfg = Release|Any CPU
		{2E15A634-1F84-4EC6-A7A0-2899B302F830}.Release|x86.Build.0 = Release|Any CPU
		{37B2A181-786E-4096-B030-0A063933A907}.Debug|Any CPU.ActiveCfg = Debug|Any CPU
		{37B2A181-786E-4096-B030-0A063933A907}.Debug|Any CPU.Build.0 = Debug|Any CPU
		{37B2A181-786E-4096-B030-0A063933A907}.Debug|x64.ActiveCfg = Debug|Any CPU
		{37B2A181-786E-4096-B030-0A063933A907}.Debug|x64.Build.0 = Debug|Any CPU
		{37B2A181-786E-4096-B030-0A063933A907}.Debug|x86.ActiveCfg = Debug|Any CPU
		{37B2A181-786E-4096-B030-0A063933A907}.Debug|x86.Build.0 = Debug|Any CPU
		{37B2A181-786E-4096-B030-0A063933A907}.Release|Any CPU.ActiveCfg = Release|Any CPU
		{37B2A181-786E-4096-B030-0A063933A907}.Release|Any CPU.Build.0 = Release|Any CPU
		{37B2A181-786E-4096-B030-0A063933A907}.Release|x64.ActiveCfg = Release|Any CPU
		{37B2A181-786E-4096-B030-0A063933A907}.Release|x64.Build.0 = Release|Any CPU
		{37B2A181-786E-4096-B030-0A063933A907}.Release|x86.ActiveCfg = Release|Any CPU
		{37B2A181-786E-4096-B030-0A063933A907}.Release|x86.Build.0 = Release|Any CPU
		{51586A7C-54A3-4215-AEC3-63F97290ECA2}.Debug|Any CPU.ActiveCfg = Debug|Any CPU
		{51586A7C-54A3-4215-AEC3-63F97290ECA2}.Debug|Any CPU.Build.0 = Debug|Any CPU
		{51586A7C-54A3-4215-AEC3-63F97290ECA2}.Debug|x64.ActiveCfg = Debug|Any CPU
		{51586A7C-54A3-4215-AEC3-63F97290ECA2}.Debug|x64.Build.0 = Debug|Any CPU
		{51586A7C-54A3-4215-AEC3-63F97290ECA2}.Debug|x86.ActiveCfg = Debug|Any CPU
		{51586A7C-54A3-4215-AEC3-63F97290ECA2}.Debug|x86.Build.0 = Debug|Any CPU
		{51586A7C-54A3-4215-AEC3-63F97290ECA2}.Release|Any CPU.ActiveCfg = Release|Any CPU
		{51586A7C-54A3-4215-AEC3-63F97290ECA2}.Release|Any CPU.Build.0 = Release|Any CPU
		{51586A7C-54A3-4215-AEC3-63F97290ECA2}.Release|x64.ActiveCfg = Release|Any CPU
		{51586A7C-54A3-4215-AEC3-63F97290ECA2}.Release|x64.Build.0 = Release|Any CPU
		{51586A7C-54A3-4215-AEC3-63F97290ECA2}.Release|x86.ActiveCfg = Release|Any CPU
		{51586A7C-54A3-4215-AEC3-63F97290ECA2}.Release|x86.Build.0 = Release|Any CPU
		{D87D2991-D4FE-4296-8A0B-92E2166DD472}.Debug|Any CPU.ActiveCfg = Debug|Any CPU
		{D87D2991-D4FE-4296-8A0B-92E2166DD472}.Debug|Any CPU.Build.0 = Debug|Any CPU
		{D87D2991-D4FE-4296-8A0B-92E2166DD472}.Debug|x64.ActiveCfg = Debug|Any CPU
		{D87D2991-D4FE-4296-8A0B-92E2166DD472}.Debug|x64.Build.0 = Debug|Any CPU
		{D87D2991-D4FE-4296-8A0B-92E2166DD472}.Debug|x86.ActiveCfg = Debug|Any CPU
		{D87D2991-D4FE-4296-8A0B-92E2166DD472}.Debug|x86.Build.0 = Debug|Any CPU
		{D87D2991-D4FE-4296-8A0B-92E2166DD472}.Release|Any CPU.ActiveCfg = Release|Any CPU
		{D87D2991-D4FE-4296-8A0B-92E2166DD472}.Release|Any CPU.Build.0 = Release|Any CPU
		{D87D2991-D4FE-4296-8A0B-92E2166DD472}.Release|x64.ActiveCfg = Release|Any CPU
		{D87D2991-D4FE-4296-8A0B-92E2166DD472}.Release|x64.Build.0 = Release|Any CPU
		{D87D2991-D4FE-4296-8A0B-92E2166DD472}.Release|x86.ActiveCfg = Release|Any CPU
		{D87D2991-D4FE-4296-8A0B-92E2166DD472}.Release|x86.Build.0 = Release|Any CPU
		{B0F4C071-D38E-4E93-8122-5E5438E72E98}.Debug|Any CPU.ActiveCfg = Debug|Any CPU
		{B0F4C071-D38E-4E93-8122-5E5438E72E98}.Debug|Any CPU.Build.0 = Debug|Any CPU
		{B0F4C071-D38E-4E93-8122-5E5438E72E98}.Debug|x64.ActiveCfg = Debug|Any CPU
		{B0F4C071-D38E-4E93-8122-5E5438E72E98}.Debug|x64.Build.0 = Debug|Any CPU
		{B0F4C071-D38E-4E93-8122-5E5438E72E98}.Debug|x86.ActiveCfg = Debug|Any CPU
		{B0F4C071-D38E-4E93-8122-5E5438E72E98}.Debug|x86.Build.0 = Debug|Any CPU
		{B0F4C071-D38E-4E93-8122-5E5438E72E98}.Release|Any CPU.ActiveCfg = Release|Any CPU
		{B0F4C071-D38E-4E93-8122-5E5438E72E98}.Release|Any CPU.Build.0 = Release|Any CPU
		{B0F4C071-D38E-4E93-8122-5E5438E72E98}.Release|x64.ActiveCfg = Release|Any CPU
		{B0F4C071-D38E-4E93-8122-5E5438E72E98}.Release|x64.Build.0 = Release|Any CPU
		{B0F4C071-D38E-4E93-8122-5E5438E72E98}.Release|x86.ActiveCfg = Release|Any CPU
		{B0F4C071-D38E-4E93-8122-5E5438E72E98}.Release|x86.Build.0 = Release|Any CPU
	EndGlobalSection
	GlobalSection(SolutionProperties) = preSolution
		HideSolutionNode = FALSE
	EndGlobalSection
EndGlobal
